// !$*UTF8*$!
{
	archiveVersion = 1;
	classes = {
	};
	objectVersion = 50;
	objects = {

/* Begin PBXBuildFile section */
		FC12FB5F25BC59EF00282C1B /* AppDelegate.swift in Sources */ = {isa = PBXBuildFile; fileRef = FC12FB5E25BC59EF00282C1B /* AppDelegate.swift */; };
		FC12FB6125BC59EF00282C1B /* SceneDelegate.swift in Sources */ = {isa = PBXBuildFile; fileRef = FC12FB6025BC59EF00282C1B /* SceneDelegate.swift */; };
		FC12FB6325BC59EF00282C1B /* ViewController.swift in Sources */ = {isa = PBXBuildFile; fileRef = FC12FB6225BC59EF00282C1B /* ViewController.swift */; };
		FC12FB6625BC59EF00282C1B /* Main.storyboard in Resources */ = {isa = PBXBuildFile; fileRef = FC12FB6425BC59EF00282C1B /* Main.storyboard */; };
		FC12FB6825BC59EF00282C1B /* Assets.xcassets in Resources */ = {isa = PBXBuildFile; fileRef = FC12FB6725BC59EF00282C1B /* Assets.xcassets */; };
		FC12FB6B25BC59EF00282C1B /* LaunchScreen.storyboard in Resources */ = {isa = PBXBuildFile; fileRef = FC12FB6925BC59EF00282C1B /* LaunchScreen.storyboard */; };
		FC12FB7425BC7AE700282C1B /* WeatherResult.swift in Sources */ = {isa = PBXBuildFile; fileRef = FC12FB7325BC7AE700282C1B /* WeatherResult.swift */; };
/* End PBXBuildFile section */

/* Begin PBXFileReference section */
		FC12FB5B25BC59EF00282C1B /* WeatherHW.app */ = {isa = PBXFileReference; explicitFileType = wrapper.application; includeInIndex = 0; path = WeatherHW.app; sourceTree = BUILT_PRODUCTS_DIR; };
		FC12FB5E25BC59EF00282C1B /* AppDelegate.swift */ = {isa = PBXFileReference; lastKnownFileType = sourcecode.swift; path = AppDelegate.swift; sourceTree = "<group>"; };
		FC12FB6025BC59EF00282C1B /* SceneDelegate.swift */ = {isa = PBXFileReference; lastKnownFileType = sourcecode.swift; path = SceneDelegate.swift; sourceTree = "<group>"; };
		FC12FB6225BC59EF00282C1B /* ViewController.swift */ = {isa = PBXFileReference; lastKnownFileType = sourcecode.swift; path = ViewController.swift; sourceTree = "<group>"; };
		FC12FB6525BC59EF00282C1B /* Base */ = {isa = PBXFileReference; lastKnownFileType = file.storyboard; name = Base; path = Base.lproj/Main.storyboard; sourceTree = "<group>"; };
		FC12FB6725BC59EF00282C1B /* Assets.xcassets */ = {isa = PBXFileReference; lastKnownFileType = folder.assetcatalog; path = Assets.xcassets; sourceTree = "<group>"; };
		FC12FB6A25BC59EF00282C1B /* Base */ = {isa = PBXFileReference; lastKnownFileType = file.storyboard; name = Base; path = Base.lproj/LaunchScreen.storyboard; sourceTree = "<group>"; };
		FC12FB6C25BC59EF00282C1B /* Info.plist */ = {isa = PBXFileReference; lastKnownFileType = text.plist.xml; path = Info.plist; sourceTree = "<group>"; };
		FC12FB7325BC7AE700282C1B /* WeatherResult.swift */ = {isa = PBXFileReference; lastKnownFileType = sourcecode.swift; path = WeatherResult.swift; sourceTree = "<group>"; };
/* End PBXFileReference section */

/* Begin PBXFrameworksBuildPhase section */
		FC12FB5825BC59EF00282C1B /* Frameworks */ = {
			isa = PBXFrameworksBuildPhase;
			buildActionMask = 2147483647;
			files = (
			);
			runOnlyForDeploymentPostprocessing = 0;
		};
/* End PBXFrameworksBuildPhase section */

/* Begin PBXGroup section */
		FC12FB5225BC59EF00282C1B = {
			isa = PBXGroup;
			children = (
				FC12FB5D25BC59EF00282C1B /* WeatherHW */,
				FC12FB5C25BC59EF00282C1B /* Products */,
			);
			sourceTree = "<group>";
		};
		FC12FB5C25BC59EF00282C1B /* Products */ = {
			isa = PBXGroup;
			children = (
				FC12FB5B25BC59EF00282C1B /* WeatherHW.app */,
			);
			name = Products;
			sourceTree = "<group>";
		};
		FC12FB5D25BC59EF00282C1B /* WeatherHW */ = {
			isa = PBXGroup;
			children = (
				FC12FB5E25BC59EF00282C1B /* AppDelegate.swift */,
				FC12FB6025BC59EF00282C1B /* SceneDelegate.swift */,
				FC12FB6225BC59EF00282C1B /* ViewController.swift */,
				FC12FB7325BC7AE700282C1B /* WeatherResult.swift */,
				FC12FB6425BC59EF00282C1B /* Main.storyboard */,
				FC12FB6725BC59EF00282C1B /* Assets.xcassets */,
				FC12FB6925BC59EF00282C1B /* LaunchScreen.storyboard */,
				FC12FB6C25BC59EF00282C1B /* Info.plist */,
			);
			path = WeatherHW;
			sourceTree = "<group>";
		};
/* End PBXGroup section */

/* Begin PBXNativeTarget section */
		FC12FB5A25BC59EF00282C1B /* WeatherHW */ = {
			isa = PBXNativeTarget;
			buildConfigurationList = FC12FB6F25BC59EF00282C1B /* Build configuration list for PBXNativeTarget "WeatherHW" */;
			buildPhases = (
				FC12FB5725BC59EF00282C1B /* Sources */,
				FC12FB5825BC59EF00282C1B /* Frameworks */,
				FC12FB5925BC59EF00282C1B /* Resources */,
			);
			buildRules = (
			);
			dependencies = (
			);
			name = WeatherHW;
			productName = WeatherHW;
			productReference = FC12FB5B25BC59EF00282C1B /* WeatherHW.app */;
			productType = "com.apple.product-type.application";
		};
/* End PBXNativeTarget section */

/* Begin PBXProject section */
		FC12FB5325BC59EF00282C1B /* Project object */ = {
			isa = PBXProject;
			attributes = {
				LastSwiftUpdateCheck = 1230;
				LastUpgradeCheck = 1230;
				TargetAttributes = {
					FC12FB5A25BC59EF00282C1B = {
						CreatedOnToolsVersion = 12.3;
					};
				};
			};
			buildConfigurationList = FC12FB5625BC59EF00282C1B /* Build configuration list for PBXProject "WeatherHW" */;
			compatibilityVersion = "Xcode 9.3";
			developmentRegion = en;
			hasScannedForEncodings = 0;
			knownRegions = (
				en,
				Base,
			);
			mainGroup = FC12FB5225BC59EF00282C1B;
			productRefGroup = FC12FB5C25BC59EF00282C1B /* Products */;
			projectDirPath = "";
			projectRoot = "";
			targets = (
				FC12FB5A25BC59EF00282C1B /* WeatherHW */,
			);
		};
/* End PBXProject section */

/* Begin PBXResourcesBuildPhase section */
		FC12FB5925BC59EF00282C1B /* Resources */ = {
			isa = PBXResourcesBuildPhase;
			buildActionMask = 2147483647;
			files = (
				FC12FB6B25BC59EF00282C1B /* LaunchScreen.storyboard in Resources */,
				FC12FB6825BC59EF00282C1B /* Assets.xcassets in Resources */,
				FC12FB6625BC59EF00282C1B /* Main.storyboard in Resources */,
			);
			runOnlyForDeploymentPostprocessing = 0;
		};
/* End PBXResourcesBuildPhase section */

/* Begin PBXSourcesBuildPhase section */
		FC12FB5725BC59EF00282C1B /* Sources */ = {
			isa = PBXSourcesBuildPhase;
			buildActionMask = 2147483647;
			files = (
				FC12FB6325BC59EF00282C1B /* ViewController.swift in Sources */,
				FC12FB7425BC7AE700282C1B /* WeatherResult.swift in Sources */,
				FC12FB5F25BC59EF00282C1B /* AppDelegate.swift in Sources */,
				FC12FB6125BC59EF00282C1B /* SceneDelegate.swift in Sources */,
			);
			runOnlyForDeploymentPostprocessing = 0;
		};
/* End PBXSourcesBuildPhase section */

/* Begin PBXVariantGroup section */
		FC12FB6425BC59EF00282C1B /* Main.storyboard */ = {
			isa = PBXVariantGroup;
			children = (
				FC12FB6525BC59EF00282C1B /* Base */,
			);
			name = Main.storyboard;
			sourceTree = "<group>";
		};
		FC12FB6925BC59EF00282C1B /* LaunchScreen.storyboard */ = {
			isa = PBXVariantGroup;
			children = (
				FC12FB6A25BC59EF00282C1B /* Base */,
			);
			name = LaunchScreen.storyboard;
			sourceTree = "<group>";
		};
/* End PBXVariantGroup section */

/* Begin XCBuildConfiguration section */
		FC12FB6D25BC59EF00282C1B /* Debug */ = {
			isa = XCBuildConfiguration;
			buildSettings = {
				ALWAYS_SEARCH_USER_PATHS = NO;
				CLANG_ANALYZER_NONNULL = YES;
				CLANG_ANALYZER_NUMBER_OBJECT_CONVERSION = YES_AGGRESSIVE;
				CLANG_CXX_LANGUAGE_STANDARD = "gnu++14";
				CLANG_CXX_LIBRARY = "libc++";
				CLANG_ENABLE_MODULES = YES;
				CLANG_ENABLE_OBJC_ARC = YES;
				CLANG_ENABLE_OBJC_WEAK = YES;
				CLANG_WARN_BLOCK_CAPTURE_AUTORELEASING = YES;
				CLANG_WARN_BOOL_CONVERSION = YES;
				CLANG_WARN_COMMA = YES;
				CLANG_WARN_CONSTANT_CONVERSION = YES;
				CLANG_WARN_DEPRECATED_OBJC_IMPLEMENTATIONS = YES;
				CLANG_WARN_DIRECT_OBJC_ISA_USAGE = YES_ERROR;
				CLANG_WARN_DOCUMENTATION_COMMENTS = YES;
				CLANG_WARN_EMPTY_BODY = YES;
				CLANG_WARN_ENUM_CONVERSION = YES;
				CLANG_WARN_INFINITE_RECURSION = YES;
				CLANG_WARN_INT_CONVERSION = YES;
				CLANG_WARN_NON_LITERAL_NULL_CONVERSION = YES;
				CLANG_WARN_OBJC_IMPLICIT_RETAIN_SELF = YES;
				CLANG_WARN_OBJC_LITERAL_CONVERSION = YES;
				CLANG_WARN_OBJC_ROOT_CLASS = YES_ERROR;
				CLANG_WARN_QUOTED_INCLUDE_IN_FRAMEWORK_HEADER = YES;
				CLANG_WARN_RANGE_LOOP_ANALYSIS = YES;
				CLANG_WARN_STRICT_PROTOTYPES = YES;
				CLANG_WARN_SUSPICIOUS_MOVE = YES;
				CLANG_WARN_UNGUARDED_AVAILABILITY = YES_AGGRESSIVE;
				CLANG_WARN_UNREACHABLE_CODE = YES;
				CLANG_WARN__DUPLICATE_METHOD_MATCH = YES;
				COPY_PHASE_STRIP = NO;
				DEBUG_INFORMATION_FORMAT = dwarf;
				ENABLE_STRICT_OBJC_MSGSEND = YES;
				ENABLE_TESTABILITY = YES;
				GCC_C_LANGUAGE_STANDARD = gnu11;
				GCC_DYNAMIC_NO_PIC = NO;
				GCC_NO_COMMON_BLOCKS = YES;
				GCC_OPTIMIZATION_LEVEL = 0;
				GCC_PREPROCESSOR_DEFINITIONS = (
					"DEBUG=1",
					"$(inherited)",
				);
				GCC_WARN_64_TO_32_BIT_CONVERSION = YES;
				GCC_WARN_ABOUT_RETURN_TYPE = YES_ERROR;
				GCC_WARN_UNDECLARED_SELECTOR = YES;
				GCC_WARN_UNINITIALIZED_AUTOS = YES_AGGRESSIVE;
				GCC_WARN_UNUSED_FUNCTION = YES;
				GCC_WARN_UNUSED_VARIABLE = YES;
				IPHONEOS_DEPLOYMENT_TARGET = 14.3;
				MTL_ENABLE_DEBUG_INFO = INCLUDE_SOURCE;
				MTL_FAST_MATH = YES;
				ONLY_ACTIVE_ARCH = YES;
				SDKROOT = iphoneos;
				SWIFT_ACTIVE_COMPILATION_CONDITIONS = DEBUG;
				SWIFT_OPTIMIZATION_LEVEL = "-Onone";
			};
			name = Debug;
		};
		FC12FB6E25BC59EF00282C1B /* Release */ = {
			isa = XCBuildConfiguration;
			buildSettings = {
				ALWAYS_SEARCH_USER_PATHS = NO;
				CLANG_ANALYZER_NONNULL = YES;
				CLANG_ANALYZER_NUMBER_OBJECT_CONVERSION = YES_AGGRESSIVE;
				CLANG_CXX_LANGUAGE_STANDARD = "gnu++14";
				CLANG_CXX_LIBRARY = "libc++";
				CLANG_ENABLE_MODULES = YES;
				CLANG_ENABLE_OBJC_ARC = YES;
				CLANG_ENABLE_OBJC_WEAK = YES;
				CLANG_WARN_BLOCK_CAPTURE_AUTORELEASING = YES;
				CLANG_WARN_BOOL_CONVERSION = YES;
				CLANG_WARN_COMMA = YES;
				CLANG_WARN_CONSTANT_CONVERSION = YES;
				CLANG_WARN_DEPRECATED_OBJC_IMPLEMENTATIONS = YES;
				CLANG_WARN_DIRECT_OBJC_ISA_USAGE = YES_ERROR;
				CLANG_WARN_DOCUMENTATION_COMMENTS = YES;
				CLANG_WARN_EMPTY_BODY = YES;
				CLANG_WARN_ENUM_CONVERSION = YES;
				CLANG_WARN_INFINITE_RECURSION = YES;
				CLANG_WARN_INT_CONVERSION = YES;
				CLANG_WARN_NON_LITERAL_NULL_CONVERSION = YES;
				CLANG_WARN_OBJC_IMPLICIT_RETAIN_SELF = YES;
				CLANG_WARN_OBJC_LITERAL_CONVERSION = YES;
				CLANG_WARN_OBJC_ROOT_CLASS = YES_ERROR;
				CLANG_WARN_QUOTED_INCLUDE_IN_FRAMEWORK_HEADER = YES;
				CLANG_WARN_RANGE_LOOP_ANALYSIS = YES;
				CLANG_WARN_STRICT_PROTOTYPES = YES;
				CLANG_WARN_SUSPICIOUS_MOVE = YES;
				CLANG_WARN_UNGUARDED_AVAILABILITY = YES_AGGRESSIVE;
				CLANG_WARN_UNREACHABLE_CODE = YES;
				CLANG_WARN__DUPLICATE_METHOD_MATCH = YES;
				COPY_PHASE_STRIP = NO;
				DEBUG_INFORMATION_FORMAT = "dwarf-with-dsym";
				ENABLE_NS_ASSERTIONS = NO;
				ENABLE_STRICT_OBJC_MSGSEND = YES;
				GCC_C_LANGUAGE_STANDARD = gnu11;
				GCC_NO_COMMON_BLOCKS = YES;
				GCC_WARN_64_TO_32_BIT_CONVERSION = YES;
				GCC_WARN_ABOUT_RETURN_TYPE = YES_ERROR;
				GCC_WARN_UNDECLARED_SELECTOR = YES;
				GCC_WARN_UNINITIALIZED_AUTOS = YES_AGGRESSIVE;
				GCC_WARN_UNUSED_FUNCTION = YES;
				GCC_WARN_UNUSED_VARIABLE = YES;
				IPHONEOS_DEPLOYMENT_TARGET = 14.3;
				MTL_ENABLE_DEBUG_INFO = NO;
				MTL_FAST_MATH = YES;
				SDKROOT = iphoneos;
				SWIFT_COMPILATION_MODE = wholemodule;
				SWIFT_OPTIMIZATION_LEVEL = "-O";
				VALIDATE_PRODUCT = YES;
			};
			name = Release;
		};
		FC12FB7025BC59EF00282C1B /* Debug */ = {
			isa = XCBuildConfiguration;
			buildSettings = {
				ASSETCATALOG_COMPILER_APPICON_NAME = AppIcon;
				ASSETCATALOG_COMPILER_GLOBAL_ACCENT_COLOR_NAME = AccentColor;
				CODE_SIGN_STYLE = Automatic;
				DEVELOPMENT_TEAM = 7T64267W84;
				INFOPLIST_FILE = WeatherHW/Info.plist;
				LD_RUNPATH_SEARCH_PATHS = (
					"$(inherited)",
					"@executable_path/Frameworks",
				);
				PRODUCT_BUNDLE_IDENTIFIER = com.ordobaev.WeatherHW.WeatherHW;
				PRODUCT_NAME = "$(TARGET_NAME)";
				SWIFT_VERSION = 5.0;
				TARGETED_DEVICE_FAMILY = "1,2";
			};
			name = Debug;
		};
		FC12FB7125BC59EF00282C1B /* Release */ = {
			isa = XCBuildConfiguration;
			buildSettings = {
				ASSETCATALOG_COMPILER_APPICON_NAME = AppIcon;
				ASSETCATALOG_COMPILER_GLOBAL_ACCENT_COLOR_NAME = AccentColor;
				CODE_SIGN_STYLE = Automatic;
				DEVELOPMENT_TEAM = 7T64267W84;
				INFOPLIST_FILE = WeatherHW/Info.plist;
				LD_RUNPATH_SEARCH_PATHS = (
					"$(inherited)",
					"@executable_path/Frameworks",
				);
				PRODUCT_BUNDLE_IDENTIFIER = com.ordobaev.WeatherHW.WeatherHW;
				PRODUCT_NAME = "$(TARGET_NAME)";
				SWIFT_VERSION = 5.0;
				TARGETED_DEVICE_FAMILY = "1,2";
			};
			name = Release;
		};
/* End XCBuildConfiguration section */

/* Begin XCConfigurationList section */
		FC12FB5625BC59EF00282C1B /* Build configuration list for PBXProject "WeatherHW" */ = {
			isa = XCConfigurationList;
			buildConfigurations = (
				FC12FB6D25BC59EF00282C1B /* Debug */,
				FC12FB6E25BC59EF00282C1B /* Release */,
			);
			defaultConfigurationIsVisible = 0;
			defaultConfigurationName = Release;
		};
		FC12FB6F25BC59EF00282C1B /* Build configuration list for PBXNativeTarget "WeatherHW" */ = {
			isa = XCConfigurationList;
			buildConfigurations = (
				FC12FB7025BC59EF00282C1B /* Debug */,
				FC12FB7125BC59EF00282C1B /* Release */,
			);
			defaultConfigurationIsVisible = 0;
			defaultConfigurationName = Release;
		};
/* End XCConfigurationList section */
	};
	rootObject = FC12FB5325BC59EF00282C1B /* Project object */;
}
